
Microsoft Visual Studio Solution File, Format Version 12.00
# Visual Studio Version 17
VisualStudioVersion = 17.11.35219.272
MinimumVisualStudioVersion = 10.0.40219.1
Project("{FAE04EC0-301F-11D3-BF4B-00C04F79EFBC}") = "MultipleOf5", "MultipleOf5\MultipleOf5.csproj", "{FC668BAB-DB53-42C4-9D4D-02D3613DEEC2}"
EndProject
Global
	GlobalSection(SolutionConfigurationPlatforms) = preSolution
		Debug|Any CPU = Debug|Any CPU
		Release|Any CPU = Release|Any CPU
	EndGlobalSection
	GlobalSection(ProjectConfigurationPlatforms) = postSolution
		{FC668BAB-DB53-42C4-9D4D-02D3613DEEC2}.Debug|Any CPU.ActiveCfg = Debug|Any CPU
		{FC668BAB-DB53-42C4-9D4D-02D3613DEEC2}.Debug|Any CPU.Build.0 = Debug|Any CPU
		{FC668BAB-DB53-42C4-9D4D-02D3613DEEC2}.Release|Any CPU.ActiveCfg = Release|Any CPU
		{FC668BAB-DB53-42C4-9D4D-02D3613DEEC2}.Release|Any CPU.Build.0 = Release|Any CPU
	EndGlobalSection
	GlobalSection(SolutionProperties) = preSolution
		HideSolutionNode = FALSE
	EndGlobalSection
	GlobalSection(ExtensibilityGlobals) = postSolution
		SolutionGuid = {BE3EF158-E4EB-436E-B14C-5F12917EAA5D}
	EndGlobalSection
EndGlobal
